
Microsoft Visual Studio Solution File, Format Version 12.00
# Visual Studio Version 16
VisualStudioVersion = 16.0.31424.327
MinimumVisualStudioVersion = 10.0.40219.1
Project("{FAE04EC0-301F-11D3-BF4B-00C04F79EFBC}") = "EjerciciosSegundaSemana", "EjerciciosSegundaSemana\EjerciciosSegundaSemana.csproj", "{8BDF32CA-377A-47B9-89E7-06FCC8D6564A}"
EndProject
Global
	GlobalSection(SolutionConfigurationPlatforms) = preSolution
		Debug|Any CPU = Debug|Any CPU
		Release|Any CPU = Release|Any CPU
	EndGlobalSection
	GlobalSection(ProjectConfigurationPlatforms) = postSolution
		{8BDF32CA-377A-47B9-89E7-06FCC8D6564A}.Debug|Any CPU.ActiveCfg = Debug|Any CPU
		{8BDF32CA-377A-47B9-89E7-06FCC8D6564A}.Debug|Any CPU.Build.0 = Debug|Any CPU
		{8BDF32CA-377A-47B9-89E7-06FCC8D6564A}.Release|Any CPU.ActiveCfg = Release|Any CPU
		{8BDF32CA-377A-47B9-89E7-06FCC8D6564A}.Release|Any CPU.Build.0 = Release|Any CPU
	EndGlobalSection
	GlobalSection(SolutionProperties) = preSolution
		HideSolutionNode = FALSE
	EndGlobalSection
	GlobalSection(ExtensibilityGlobals) = postSolution
		SolutionGuid = {D73B3691-097E-4532-9741-3C537715EFFC}
	EndGlobalSection
EndGlobal
