
Microsoft Visual Studio Solution File, Format Version 12.00
# Visual Studio Version 16
VisualStudioVersion = 16.0.31424.327
MinimumVisualStudioVersion = 10.0.40219.1
Project("{FAE04EC0-301F-11D3-BF4B-00C04F79EFBC}") = "moto", "moto\moto.csproj", "{D43A6E59-EA93-4A8A-972A-A02E86E77613}"
EndProject
Global
	GlobalSection(SolutionConfigurationPlatforms) = preSolution
		Debug|Any CPU = Debug|Any CPU
		Release|Any CPU = Release|Any CPU
	EndGlobalSection
	GlobalSection(ProjectConfigurationPlatforms) = postSolution
		{D43A6E59-EA93-4A8A-972A-A02E86E77613}.Debug|Any CPU.ActiveCfg = Debug|Any CPU
		{D43A6E59-EA93-4A8A-972A-A02E86E77613}.Debug|Any CPU.Build.0 = Debug|Any CPU
		{D43A6E59-EA93-4A8A-972A-A02E86E77613}.Release|Any CPU.ActiveCfg = Release|Any CPU
		{D43A6E59-EA93-4A8A-972A-A02E86E77613}.Release|Any CPU.Build.0 = Release|Any CPU
	EndGlobalSection
	GlobalSection(SolutionProperties) = preSolution
		HideSolutionNode = FALSE
	EndGlobalSection
	GlobalSection(ExtensibilityGlobals) = postSolution
		SolutionGuid = {6BB88F47-BF91-417D-8EE7-4C9653F5ADA4}
	EndGlobalSection
EndGlobal
