
Microsoft Visual Studio Solution File, Format Version 12.00
# Visual Studio Version 16
VisualStudioVersion = 16.0.31424.327
MinimumVisualStudioVersion = 10.0.40219.1
Project("{FAE04EC0-301F-11D3-BF4B-00C04F79EFBC}") = "ProyectoFinal", "ProyectoFinal\ProyectoFinal.csproj", "{9022CD7B-C26E-406C-BD20-F5952555B126}"
EndProject
Global
	GlobalSection(SolutionConfigurationPlatforms) = preSolution
		Debug|Any CPU = Debug|Any CPU
		Release|Any CPU = Release|Any CPU
	EndGlobalSection
	GlobalSection(ProjectConfigurationPlatforms) = postSolution
		{9022CD7B-C26E-406C-BD20-F5952555B126}.Debug|Any CPU.ActiveCfg = Debug|Any CPU
		{9022CD7B-C26E-406C-BD20-F5952555B126}.Debug|Any CPU.Build.0 = Debug|Any CPU
		{9022CD7B-C26E-406C-BD20-F5952555B126}.Release|Any CPU.ActiveCfg = Release|Any CPU
		{9022CD7B-C26E-406C-BD20-F5952555B126}.Release|Any CPU.Build.0 = Release|Any CPU
	EndGlobalSection
	GlobalSection(SolutionProperties) = preSolution
		HideSolutionNode = FALSE
	EndGlobalSection
	GlobalSection(ExtensibilityGlobals) = postSolution
		SolutionGuid = {8BEA65AC-BAC0-4226-A491-BABEBEA58415}
	EndGlobalSection
EndGlobal
