
Microsoft Visual Studio Solution File, Format Version 12.00
# Visual Studio Version 16
VisualStudioVersion = 16.0.31424.327
MinimumVisualStudioVersion = 10.0.40219.1
Project("{FAE04EC0-301F-11D3-BF4B-00C04F79EFBC}") = "EjerciciosLinq", "EjerciciosLinq\EjerciciosLinq.csproj", "{7E22BF00-E063-4128-8EC2-676743C41AF1}"
EndProject
Global
	GlobalSection(SolutionConfigurationPlatforms) = preSolution
		Debug|Any CPU = Debug|Any CPU
		Release|Any CPU = Release|Any CPU
	EndGlobalSection
	GlobalSection(ProjectConfigurationPlatforms) = postSolution
		{7E22BF00-E063-4128-8EC2-676743C41AF1}.Debug|Any CPU.ActiveCfg = Debug|Any CPU
		{7E22BF00-E063-4128-8EC2-676743C41AF1}.Debug|Any CPU.Build.0 = Debug|Any CPU
		{7E22BF00-E063-4128-8EC2-676743C41AF1}.Release|Any CPU.ActiveCfg = Release|Any CPU
		{7E22BF00-E063-4128-8EC2-676743C41AF1}.Release|Any CPU.Build.0 = Release|Any CPU
	EndGlobalSection
	GlobalSection(SolutionProperties) = preSolution
		HideSolutionNode = FALSE
	EndGlobalSection
	GlobalSection(ExtensibilityGlobals) = postSolution
		SolutionGuid = {3E9E4214-E6F1-4467-9050-9670F35BED2C}
	EndGlobalSection
EndGlobal
