
Microsoft Visual Studio Solution File, Format Version 12.00
# Visual Studio Version 16
VisualStudioVersion = 16.0.31424.327
MinimumVisualStudioVersion = 10.0.40219.1
Project("{FAE04EC0-301F-11D3-BF4B-00C04F79EFBC}") = "EjerciciosColecciones", "EjerciciosColecciones\EjerciciosColecciones.csproj", "{CE1C9931-D2C6-4921-BF93-AB97ADE5CE33}"
EndProject
Project("{FAE04EC0-301F-11D3-BF4B-00C04F79EFBC}") = "SimpleClassExample", "..\..\..\OneDrive\Escritorio\c#\ejemplospo\ejempoo\SimpleClassExample.csproj", "{FC6715AC-17D0-46F1-8F72-C6871354C3F0}"
EndProject
Global
	GlobalSection(SolutionConfigurationPlatforms) = preSolution
		Debug|Any CPU = Debug|Any CPU
		Release|Any CPU = Release|Any CPU
	EndGlobalSection
	GlobalSection(ProjectConfigurationPlatforms) = postSolution
		{CE1C9931-D2C6-4921-BF93-AB97ADE5CE33}.Debug|Any CPU.ActiveCfg = Debug|Any CPU
		{CE1C9931-D2C6-4921-BF93-AB97ADE5CE33}.Debug|Any CPU.Build.0 = Debug|Any CPU
		{CE1C9931-D2C6-4921-BF93-AB97ADE5CE33}.Release|Any CPU.ActiveCfg = Release|Any CPU
		{CE1C9931-D2C6-4921-BF93-AB97ADE5CE33}.Release|Any CPU.Build.0 = Release|Any CPU
		{FC6715AC-17D0-46F1-8F72-C6871354C3F0}.Debug|Any CPU.ActiveCfg = Debug|Any CPU
		{FC6715AC-17D0-46F1-8F72-C6871354C3F0}.Debug|Any CPU.Build.0 = Debug|Any CPU
		{FC6715AC-17D0-46F1-8F72-C6871354C3F0}.Release|Any CPU.ActiveCfg = Release|Any CPU
		{FC6715AC-17D0-46F1-8F72-C6871354C3F0}.Release|Any CPU.Build.0 = Release|Any CPU
	EndGlobalSection
	GlobalSection(SolutionProperties) = preSolution
		HideSolutionNode = FALSE
	EndGlobalSection
	GlobalSection(ExtensibilityGlobals) = postSolution
		SolutionGuid = {688FF2BA-271E-40AB-B274-C73F1B7C4824}
	EndGlobalSection
EndGlobal
