
Microsoft Visual Studio Solution File, Format Version 12.00
# Visual Studio Version 16
VisualStudioVersion = 16.0.31424.327
MinimumVisualStudioVersion = 10.0.40219.1
Project("{FAE04EC0-301F-11D3-BF4B-00C04F79EFBC}") = "BlazorTelescoppe", "BlazorTelescoppe\BlazorTelescoppe.csproj", "{01F2A533-CCB5-4CBB-B484-1823E6F23A27}"
EndProject
Global
	GlobalSection(SolutionConfigurationPlatforms) = preSolution
		Debug|Any CPU = Debug|Any CPU
		Release|Any CPU = Release|Any CPU
	EndGlobalSection
	GlobalSection(ProjectConfigurationPlatforms) = postSolution
		{01F2A533-CCB5-4CBB-B484-1823E6F23A27}.Debug|Any CPU.ActiveCfg = Debug|Any CPU
		{01F2A533-CCB5-4CBB-B484-1823E6F23A27}.Debug|Any CPU.Build.0 = Debug|Any CPU
		{01F2A533-CCB5-4CBB-B484-1823E6F23A27}.Release|Any CPU.ActiveCfg = Release|Any CPU
		{01F2A533-CCB5-4CBB-B484-1823E6F23A27}.Release|Any CPU.Build.0 = Release|Any CPU
	EndGlobalSection
	GlobalSection(SolutionProperties) = preSolution
		HideSolutionNode = FALSE
	EndGlobalSection
	GlobalSection(ExtensibilityGlobals) = postSolution
		SolutionGuid = {F9E961E2-5D12-4DD2-AF7A-4962E1FC4317}
	EndGlobalSection
EndGlobal
