
Microsoft Visual Studio Solution File, Format Version 12.00
# Visual Studio Version 16
VisualStudioVersion = 16.0.31424.327
MinimumVisualStudioVersion = 10.0.40219.1
Project("{FAE04EC0-301F-11D3-BF4B-00C04F79EFBC}") = "WebApplication3", "WebApplication3\WebApplication3.csproj", "{086256F8-C2D1-4F53-8787-F1F5D3F7930D}"
EndProject
Global
	GlobalSection(SolutionConfigurationPlatforms) = preSolution
		Debug|Any CPU = Debug|Any CPU
		Release|Any CPU = Release|Any CPU
	EndGlobalSection
	GlobalSection(ProjectConfigurationPlatforms) = postSolution
		{086256F8-C2D1-4F53-8787-F1F5D3F7930D}.Debug|Any CPU.ActiveCfg = Debug|Any CPU
		{086256F8-C2D1-4F53-8787-F1F5D3F7930D}.Debug|Any CPU.Build.0 = Debug|Any CPU
		{086256F8-C2D1-4F53-8787-F1F5D3F7930D}.Release|Any CPU.ActiveCfg = Release|Any CPU
		{086256F8-C2D1-4F53-8787-F1F5D3F7930D}.Release|Any CPU.Build.0 = Release|Any CPU
	EndGlobalSection
	GlobalSection(SolutionProperties) = preSolution
		HideSolutionNode = FALSE
	EndGlobalSection
	GlobalSection(ExtensibilityGlobals) = postSolution
		SolutionGuid = {7374A204-D8AA-42D8-882E-67A701BAB2DE}
	EndGlobalSection
EndGlobal
