
Microsoft Visual Studio Solution File, Format Version 12.00
# Visual Studio Version 16
VisualStudioVersion = 16.0.31424.327
MinimumVisualStudioVersion = 10.0.40219.1
Project("{FAE04EC0-301F-11D3-BF4B-00C04F79EFBC}") = "ordenador", "ordenador\ordenador.csproj", "{89857D27-201C-4B23-B664-DC411ED3DCDF}"
EndProject
Global
	GlobalSection(SolutionConfigurationPlatforms) = preSolution
		Debug|Any CPU = Debug|Any CPU
		Release|Any CPU = Release|Any CPU
	EndGlobalSection
	GlobalSection(ProjectConfigurationPlatforms) = postSolution
		{89857D27-201C-4B23-B664-DC411ED3DCDF}.Debug|Any CPU.ActiveCfg = Debug|Any CPU
		{89857D27-201C-4B23-B664-DC411ED3DCDF}.Debug|Any CPU.Build.0 = Debug|Any CPU
		{89857D27-201C-4B23-B664-DC411ED3DCDF}.Release|Any CPU.ActiveCfg = Release|Any CPU
		{89857D27-201C-4B23-B664-DC411ED3DCDF}.Release|Any CPU.Build.0 = Release|Any CPU
	EndGlobalSection
	GlobalSection(SolutionProperties) = preSolution
		HideSolutionNode = FALSE
	EndGlobalSection
	GlobalSection(ExtensibilityGlobals) = postSolution
		SolutionGuid = {177FC620-5DDF-4DEF-BAB3-11B670839B2A}
	EndGlobalSection
EndGlobal
