
Microsoft Visual Studio Solution File, Format Version 12.00
# Visual Studio Version 16
VisualStudioVersion = 16.0.31424.327
MinimumVisualStudioVersion = 10.0.40219.1
Project("{FAE04EC0-301F-11D3-BF4B-00C04F79EFBC}") = "webapi", "webapi\webapi.csproj", "{D791D097-AC07-46DB-AC28-94B4E4D537DD}"
EndProject
Global
	GlobalSection(SolutionConfigurationPlatforms) = preSolution
		Debug|Any CPU = Debug|Any CPU
		Release|Any CPU = Release|Any CPU
	EndGlobalSection
	GlobalSection(ProjectConfigurationPlatforms) = postSolution
		{D791D097-AC07-46DB-AC28-94B4E4D537DD}.Debug|Any CPU.ActiveCfg = Debug|Any CPU
		{D791D097-AC07-46DB-AC28-94B4E4D537DD}.Debug|Any CPU.Build.0 = Debug|Any CPU
		{D791D097-AC07-46DB-AC28-94B4E4D537DD}.Release|Any CPU.ActiveCfg = Release|Any CPU
		{D791D097-AC07-46DB-AC28-94B4E4D537DD}.Release|Any CPU.Build.0 = Release|Any CPU
	EndGlobalSection
	GlobalSection(SolutionProperties) = preSolution
		HideSolutionNode = FALSE
	EndGlobalSection
	GlobalSection(ExtensibilityGlobals) = postSolution
		SolutionGuid = {EE65A45F-FFCC-493F-9794-4192B80A1525}
	EndGlobalSection
EndGlobal
