
Microsoft Visual Studio Solution File, Format Version 12.00
# Visual Studio Version 16
VisualStudioVersion = 16.0.31424.327
MinimumVisualStudioVersion = 10.0.40219.1
Project("{FAE04EC0-301F-11D3-BF4B-00C04F79EFBC}") = "EmpresaA", "EmpresaA\EmpresaA.csproj", "{56ECAC03-B487-4251-801F-6837D707003D}"
EndProject
Global
	GlobalSection(SolutionConfigurationPlatforms) = preSolution
		Debug|Any CPU = Debug|Any CPU
		Release|Any CPU = Release|Any CPU
	EndGlobalSection
	GlobalSection(ProjectConfigurationPlatforms) = postSolution
		{56ECAC03-B487-4251-801F-6837D707003D}.Debug|Any CPU.ActiveCfg = Debug|Any CPU
		{56ECAC03-B487-4251-801F-6837D707003D}.Debug|Any CPU.Build.0 = Debug|Any CPU
		{56ECAC03-B487-4251-801F-6837D707003D}.Release|Any CPU.ActiveCfg = Release|Any CPU
		{56ECAC03-B487-4251-801F-6837D707003D}.Release|Any CPU.Build.0 = Release|Any CPU
	EndGlobalSection
	GlobalSection(SolutionProperties) = preSolution
		HideSolutionNode = FALSE
	EndGlobalSection
	GlobalSection(ExtensibilityGlobals) = postSolution
		SolutionGuid = {5222F4DA-20B6-47E1-830A-4108B9D6862F}
	EndGlobalSection
EndGlobal
