
Microsoft Visual Studio Solution File, Format Version 12.00
# Visual Studio Version 16
VisualStudioVersion = 16.0.31424.327
MinimumVisualStudioVersion = 10.0.40219.1
Project("{FAE04EC0-301F-11D3-BF4B-00C04F79EFBC}") = "EjerciciosTotal", "EjerciciosTotal\EjerciciosTotal.csproj", "{66F73886-2E43-4752-A373-39FC282D8CE7}"
EndProject
Global
	GlobalSection(SolutionConfigurationPlatforms) = preSolution
		Debug|Any CPU = Debug|Any CPU
		Release|Any CPU = Release|Any CPU
	EndGlobalSection
	GlobalSection(ProjectConfigurationPlatforms) = postSolution
		{66F73886-2E43-4752-A373-39FC282D8CE7}.Debug|Any CPU.ActiveCfg = Debug|Any CPU
		{66F73886-2E43-4752-A373-39FC282D8CE7}.Debug|Any CPU.Build.0 = Debug|Any CPU
		{66F73886-2E43-4752-A373-39FC282D8CE7}.Release|Any CPU.ActiveCfg = Release|Any CPU
		{66F73886-2E43-4752-A373-39FC282D8CE7}.Release|Any CPU.Build.0 = Release|Any CPU
	EndGlobalSection
	GlobalSection(SolutionProperties) = preSolution
		HideSolutionNode = FALSE
	EndGlobalSection
	GlobalSection(ExtensibilityGlobals) = postSolution
		SolutionGuid = {C606679C-4260-4D2B-920E-7C673A8F8508}
	EndGlobalSection
EndGlobal
