
Microsoft Visual Studio Solution File, Format Version 12.00
# Visual Studio Version 16
VisualStudioVersion = 16.0.31424.327
MinimumVisualStudioVersion = 10.0.40219.1
Project("{FAE04EC0-301F-11D3-BF4B-00C04F79EFBC}") = "AnimalsMvc", "AnimalsMvc\AnimalsMvc.csproj", "{962D5FDE-E2FE-4A85-84AF-C9B28C77DA51}"
EndProject
Global
	GlobalSection(SolutionConfigurationPlatforms) = preSolution
		Debug|Any CPU = Debug|Any CPU
		Release|Any CPU = Release|Any CPU
	EndGlobalSection
	GlobalSection(ProjectConfigurationPlatforms) = postSolution
		{962D5FDE-E2FE-4A85-84AF-C9B28C77DA51}.Debug|Any CPU.ActiveCfg = Debug|Any CPU
		{962D5FDE-E2FE-4A85-84AF-C9B28C77DA51}.Debug|Any CPU.Build.0 = Debug|Any CPU
		{962D5FDE-E2FE-4A85-84AF-C9B28C77DA51}.Release|Any CPU.ActiveCfg = Release|Any CPU
		{962D5FDE-E2FE-4A85-84AF-C9B28C77DA51}.Release|Any CPU.Build.0 = Release|Any CPU
	EndGlobalSection
	GlobalSection(SolutionProperties) = preSolution
		HideSolutionNode = FALSE
	EndGlobalSection
	GlobalSection(ExtensibilityGlobals) = postSolution
		SolutionGuid = {846BE13D-0C60-4BC1-BAF5-6939A6A942BB}
	EndGlobalSection
EndGlobal
