
Microsoft Visual Studio Solution File, Format Version 12.00
# Visual Studio Version 16
VisualStudioVersion = 16.0.31424.327
MinimumVisualStudioVersion = 10.0.40219.1
Project("{FAE04EC0-301F-11D3-BF4B-00C04F79EFBC}") = "paracuentas", "paracuentas\paracuentas.csproj", "{ED335B50-060C-4043-BD69-41D9A3E8051C}"
EndProject
Global
	GlobalSection(SolutionConfigurationPlatforms) = preSolution
		Debug|Any CPU = Debug|Any CPU
		Release|Any CPU = Release|Any CPU
	EndGlobalSection
	GlobalSection(ProjectConfigurationPlatforms) = postSolution
		{ED335B50-060C-4043-BD69-41D9A3E8051C}.Debug|Any CPU.ActiveCfg = Debug|Any CPU
		{ED335B50-060C-4043-BD69-41D9A3E8051C}.Debug|Any CPU.Build.0 = Debug|Any CPU
		{ED335B50-060C-4043-BD69-41D9A3E8051C}.Release|Any CPU.ActiveCfg = Release|Any CPU
		{ED335B50-060C-4043-BD69-41D9A3E8051C}.Release|Any CPU.Build.0 = Release|Any CPU
	EndGlobalSection
	GlobalSection(SolutionProperties) = preSolution
		HideSolutionNode = FALSE
	EndGlobalSection
	GlobalSection(ExtensibilityGlobals) = postSolution
		SolutionGuid = {295E50DA-D7B9-44DB-BA64-5318D984BD34}
	EndGlobalSection
EndGlobal
