
Microsoft Visual Studio Solution File, Format Version 12.00
# Visual Studio Version 16
VisualStudioVersion = 16.0.31424.327
MinimumVisualStudioVersion = 10.0.40219.1
Project("{FAE04EC0-301F-11D3-BF4B-00C04F79EFBC}") = "PO", "PO\PO.csproj", "{806049C2-6551-4895-9A13-45B033AF7DF9}"
EndProject
Global
	GlobalSection(SolutionConfigurationPlatforms) = preSolution
		Debug|Any CPU = Debug|Any CPU
		Release|Any CPU = Release|Any CPU
	EndGlobalSection
	GlobalSection(ProjectConfigurationPlatforms) = postSolution
		{806049C2-6551-4895-9A13-45B033AF7DF9}.Debug|Any CPU.ActiveCfg = Debug|Any CPU
		{806049C2-6551-4895-9A13-45B033AF7DF9}.Debug|Any CPU.Build.0 = Debug|Any CPU
		{806049C2-6551-4895-9A13-45B033AF7DF9}.Release|Any CPU.ActiveCfg = Release|Any CPU
		{806049C2-6551-4895-9A13-45B033AF7DF9}.Release|Any CPU.Build.0 = Release|Any CPU
	EndGlobalSection
	GlobalSection(SolutionProperties) = preSolution
		HideSolutionNode = FALSE
	EndGlobalSection
	GlobalSection(ExtensibilityGlobals) = postSolution
		SolutionGuid = {95643F07-7383-4A0A-A579-78C97A4A758A}
	EndGlobalSection
EndGlobal
